PODS:
  - connectivity (0.0.1):
    - Flutter
    - Reachability
  - Flutter (1.0.0)
  - kraken (0.10.0):
    - Flutter
  - kraken_camera (0.0.2):
    - Flutter
  - path_provider_ios (0.0.1):
    - Flutter
  - Reachability (3.2)
  - shared_preferences_ios (0.0.1):
    - Flutter

DEPENDENCIES:
  - connectivity (from `.symlinks/plugins/connectivity/ios`)
  - Flutter (from `Flutter`)
  - kraken (from `.symlinks/plugins/kraken/ios`)
  - kraken_camera (from `.symlinks/plugins/kraken_camera/ios`)
  - path_provider_ios (from `.symlinks/plugins/path_provider_ios/ios`)
  - shared_preferences_ios (from `.symlinks/plugins/shared_preferences_ios/ios`)

SPEC REPOS:
  trunk:
    - Reachability

EXTERNAL SOURCES:
  connectivity:
    :path: ".symlinks/plugins/connectivity/ios"
  Flutter:
    :path: Flutter
  kraken:
    :path: ".symlinks/plugins/kraken/ios"
  kraken_camera:
    :path: ".symlinks/plugins/kraken_camera/ios"
  path_provider_ios:
    :path: ".symlinks/plugins/path_provider_ios/ios"
  shared_preferences_ios:
    :path: ".symlinks/plugins/shared_preferences_ios/ios"

SPEC CHECKSUMS:
  connectivity: c4130b2985d4ef6fd26f9702e886bd5260681467
  Flutter: 50d75fe2f02b26cc09d224853bb45737f8b3214a
  kraken: 574f68b580ce024774a4c1e97c9ac6a1d4475020
  kraken_camera: a2be67e9525db7a1b5b3d98f30d3004068dab9b7
  path_provider_ios: 14f3d2fd28c4fdb42f44e0f751d12861c43cee02
  Reachability: 33e18b67625424e47b6cde6d202dce689ad7af96
  shared_preferences_ios: 548a61f8053b9b8a49ac19c1ffbc8b92c50d68ad

PODFILE CHECKSUM: 8e679eca47255a8ca8067c4c67aab20e64cb974d

COCOAPODS: 1.11.3
